Microsoft Visual Studio Solution File, Format Version 12.00
# Visual Studio 2012
Project("{FAE04EC0-301F-11D3-BF4B-00C04F79EFBC}") = "FlappyBirb", "FlappyBirb.csproj", "{A12C45E5-FDBC-4CD0-95D4-5AC6D6B1873B}"
EndProject
Global
	GlobalSection(SolutionConfigurationPlatforms) = preSolution
	Debug|Any CPU = Debug|Any CPU
	ExportDebug|Any CPU = ExportDebug|Any CPU
	ExportRelease|Any CPU = ExportRelease|Any CPU
	EndGlobalSection
	GlobalSection(ProjectConfigurationPlatforms) = postSolution
		{A12C45E5-FDBC-4CD0-95D4-5AC6D6B1873B}.Debug|Any CPU.ActiveCfg = Debug|Any CPU
		{A12C45E5-FDBC-4CD0-95D4-5AC6D6B1873B}.Debug|Any CPU.Build.0 = Debug|Any CPU
		{A12C45E5-FDBC-4CD0-95D4-5AC6D6B1873B}.ExportDebug|Any CPU.ActiveCfg = ExportDebug|Any CPU
		{A12C45E5-FDBC-4CD0-95D4-5AC6D6B1873B}.ExportDebug|Any CPU.Build.0 = ExportDebug|Any CPU
		{A12C45E5-FDBC-4CD0-95D4-5AC6D6B1873B}.ExportRelease|Any CPU.ActiveCfg = ExportRelease|Any CPU
		{A12C45E5-FDBC-4CD0-95D4-5AC6D6B1873B}.ExportRelease|Any CPU.Build.0 = ExportRelease|Any CPU
	EndGlobalSection
EndGlobal
